# THIS IS AN AUTOGENERATED FILE. DO NOT EDIT THIS FILE DIRECTLY.
# yarn lockfile v1
d@^0.1.1, d@~0.1.1:
  version "0.1.1"
  resolved "https://registry.yarnpkg.com/d/-/d-0.1.1.tgz#da184c535d18d8ee7ba2aa229b914009fae11309"
  dependencies:
    es5-ext "~0.10.2"

duration@^0.2.0:
  version "0.2.0"
  resolved "https://registry.yarnpkg.com/duration/-/duration-0.2.0.tgz#5f9c4dfaafff655de986112efe25c5978dd85146"
  dependencies:
    d "~0.1.1"
    es5-ext "~0.10.2"

es5-ext@^0.10.7, es5-ext@~0.10.11, es5-ext@~0.10.2:
  version "0.10.12"
  resolved "https://registry.yarnpkg.com/es5-ext/-/es5-ext-0.10.12.tgz#aa84641d4db76b62abba5e45fd805ecbab140047"
  dependencies:
    es6-iterator "2"
    es6-symbol "~3.1"

es6-iterator@2:
  version "2.0.0"
  resolved "https://registry.yarnpkg.com/es6-iterator/-/es6-iterator-2.0.0.tgz#bd968567d61635e33c0b80727613c9cb4b096bac"
  dependencies:
    d "^0.1.1"
    es5-ext "^0.10.7"
    es6-symbol "3"

es6-symbol@~3.1, es6-symbol@3:
  version "3.1.0"
  resolved "https://registry.yarnpkg.com/es6-symbol/-/es6-symbol-3.1.0.tgz#94481c655e7a7cad82eba832d97d5433496d7ffa"
  dependencies:
    d "~0.1.1"
    es5-ext "~0.10.11"

pixie@^0.2.2:
  version "0.2.2"
  resolved "https://registry.yarnpkg.com/pixie/-/pixie-0.2.2.tgz#792042afa5a784fcfa86aacb766a2b7907b0d32c"

